
Microsoft Visual Studio Solution File, Format Version 12.00
# Visual Studio Version 17
VisualStudioVersion = 17.0.32014.148
MinimumVisualStudioVersion = 10.0.40219.1
Project("{FAE04EC0-301F-11D3-BF4B-00C04F79EFBC}") = "ExSegundos", "ExSegundos\ExSegundos.csproj", "{172A8CA8-C80B-469D-ADD5-ACF6940E9CB6}"
EndProject
Global
	GlobalSection(SolutionConfigurationPlatforms) = preSolution
		Debug|Any CPU = Debug|Any CPU
		Release|Any CPU = Release|Any CPU
	EndGlobalSection
	GlobalSection(ProjectConfigurationPlatforms) = postSolution
		{172A8CA8-C80B-469D-ADD5-ACF6940E9CB6}.Debug|Any CPU.ActiveCfg = Debug|Any CPU
		{172A8CA8-C80B-469D-ADD5-ACF6940E9CB6}.Debug|Any CPU.Build.0 = Debug|Any CPU
		{172A8CA8-C80B-469D-ADD5-ACF6940E9CB6}.Release|Any CPU.ActiveCfg = Release|Any CPU
		{172A8CA8-C80B-469D-ADD5-ACF6940E9CB6}.Release|Any CPU.Build.0 = Release|Any CPU
	EndGlobalSection
	GlobalSection(SolutionProperties) = preSolution
		HideSolutionNode = FALSE
	EndGlobalSection
	GlobalSection(ExtensibilityGlobals) = postSolution
		SolutionGuid = {20E8FF75-550D-4669-808C-83BCE1324B94}
	EndGlobalSection
EndGlobal
