
Microsoft Visual Studio Solution File, Format Version 12.00
# Visual Studio Version 17
VisualStudioVersion = 17.0.32014.148
MinimumVisualStudioVersion = 10.0.40219.1
Project("{FAE04EC0-301F-11D3-BF4B-00C04F79EFBC}") = "Ex09Pag62", "Ex09Pag62\Ex09Pag62.csproj", "{807578E0-79A3-4F08-846A-C19351393657}"
EndProject
Global
	GlobalSection(SolutionConfigurationPlatforms) = preSolution
		Debug|Any CPU = Debug|Any CPU
		Release|Any CPU = Release|Any CPU
	EndGlobalSection
	GlobalSection(ProjectConfigurationPlatforms) = postSolution
		{807578E0-79A3-4F08-846A-C19351393657}.Debug|Any CPU.ActiveCfg = Debug|Any CPU
		{807578E0-79A3-4F08-846A-C19351393657}.Debug|Any CPU.Build.0 = Debug|Any CPU
		{807578E0-79A3-4F08-846A-C19351393657}.Release|Any CPU.ActiveCfg = Release|Any CPU
		{807578E0-79A3-4F08-846A-C19351393657}.Release|Any CPU.Build.0 = Release|Any CPU
	EndGlobalSection
	GlobalSection(SolutionProperties) = preSolution
		HideSolutionNode = FALSE
	EndGlobalSection
	GlobalSection(ExtensibilityGlobals) = postSolution
		SolutionGuid = {1ADF2D29-ED3D-4E8A-8A8F-A93DDAAE7258}
	EndGlobalSection
EndGlobal
