
Microsoft Visual Studio Solution File, Format Version 12.00
# Visual Studio Version 17
VisualStudioVersion = 17.0.32014.148
MinimumVisualStudioVersion = 10.0.40219.1
Project("{FAE04EC0-301F-11D3-BF4B-00C04F79EFBC}") = "Ex01Pag35", "Ex01Pag35.csproj", "{919F0054-492E-496C-9B6A-190B04996D62}"
EndProject
Global
	GlobalSection(SolutionConfigurationPlatforms) = preSolution
		Debug|Any CPU = Debug|Any CPU
		Release|Any CPU = Release|Any CPU
	EndGlobalSection
	GlobalSection(ProjectConfigurationPlatforms) = postSolution
		{919F0054-492E-496C-9B6A-190B04996D62}.Debug|Any CPU.ActiveCfg = Debug|Any CPU
		{919F0054-492E-496C-9B6A-190B04996D62}.Debug|Any CPU.Build.0 = Debug|Any CPU
		{919F0054-492E-496C-9B6A-190B04996D62}.Release|Any CPU.ActiveCfg = Release|Any CPU
		{919F0054-492E-496C-9B6A-190B04996D62}.Release|Any CPU.Build.0 = Release|Any CPU
	EndGlobalSection
	GlobalSection(SolutionProperties) = preSolution
		HideSolutionNode = FALSE
	EndGlobalSection
	GlobalSection(ExtensibilityGlobals) = postSolution
		SolutionGuid = {5FC3EF8D-5CF4-4FEA-95EA-F5329A061845}
	EndGlobalSection
EndGlobal
