
Microsoft Visual Studio Solution File, Format Version 12.00
# Visual Studio Version 17
VisualStudioVersion = 17.0.32014.148
MinimumVisualStudioVersion = 10.0.40219.1
Project("{FAE04EC0-301F-11D3-BF4B-00C04F79EFBC}") = "Ex05Pag08", "Ex05Pag08\Ex05Pag08.csproj", "{84A323BD-5518-42D7-8206-C0C713B62A27}"
EndProject
Global
	GlobalSection(SolutionConfigurationPlatforms) = preSolution
		Debug|Any CPU = Debug|Any CPU
		Release|Any CPU = Release|Any CPU
	EndGlobalSection
	GlobalSection(ProjectConfigurationPlatforms) = postSolution
		{84A323BD-5518-42D7-8206-C0C713B62A27}.Debug|Any CPU.ActiveCfg = Debug|Any CPU
		{84A323BD-5518-42D7-8206-C0C713B62A27}.Debug|Any CPU.Build.0 = Debug|Any CPU
		{84A323BD-5518-42D7-8206-C0C713B62A27}.Release|Any CPU.ActiveCfg = Release|Any CPU
		{84A323BD-5518-42D7-8206-C0C713B62A27}.Release|Any CPU.Build.0 = Release|Any CPU
	EndGlobalSection
	GlobalSection(SolutionProperties) = preSolution
		HideSolutionNode = FALSE
	EndGlobalSection
	GlobalSection(ExtensibilityGlobals) = postSolution
		SolutionGuid = {941191EC-0F38-492A-9BDE-ECA4027EE99E}
	EndGlobalSection
EndGlobal
