
Microsoft Visual Studio Solution File, Format Version 12.00
# Visual Studio Version 17
VisualStudioVersion = 17.0.32014.148
MinimumVisualStudioVersion = 10.0.40219.1
Project("{FAE04EC0-301F-11D3-BF4B-00C04F79EFBC}") = "ex15Pag09", "ex15Pag09\ex15Pag09.csproj", "{1D5B94B6-C003-4240-A4E3-1982893BB7BD}"
EndProject
Global
	GlobalSection(SolutionConfigurationPlatforms) = preSolution
		Debug|Any CPU = Debug|Any CPU
		Release|Any CPU = Release|Any CPU
	EndGlobalSection
	GlobalSection(ProjectConfigurationPlatforms) = postSolution
		{1D5B94B6-C003-4240-A4E3-1982893BB7BD}.Debug|Any CPU.ActiveCfg = Debug|Any CPU
		{1D5B94B6-C003-4240-A4E3-1982893BB7BD}.Debug|Any CPU.Build.0 = Debug|Any CPU
		{1D5B94B6-C003-4240-A4E3-1982893BB7BD}.Release|Any CPU.ActiveCfg = Release|Any CPU
		{1D5B94B6-C003-4240-A4E3-1982893BB7BD}.Release|Any CPU.Build.0 = Release|Any CPU
	EndGlobalSection
	GlobalSection(SolutionProperties) = preSolution
		HideSolutionNode = FALSE
	EndGlobalSection
	GlobalSection(ExtensibilityGlobals) = postSolution
		SolutionGuid = {0714755B-D453-4413-ABE8-BBC0530DC80F}
	EndGlobalSection
EndGlobal
