
Microsoft Visual Studio Solution File, Format Version 12.00
# Visual Studio Version 17
VisualStudioVersion = 17.0.32014.148
MinimumVisualStudioVersion = 10.0.40219.1
Project("{FAE04EC0-301F-11D3-BF4B-00C04F79EFBC}") = "Ex03_47", "Ex03_47\Ex03_47.csproj", "{12D9A712-D118-421A-B889-B421F9B93B6E}"
EndProject
Global
	GlobalSection(SolutionConfigurationPlatforms) = preSolution
		Debug|Any CPU = Debug|Any CPU
		Release|Any CPU = Release|Any CPU
	EndGlobalSection
	GlobalSection(ProjectConfigurationPlatforms) = postSolution
		{12D9A712-D118-421A-B889-B421F9B93B6E}.Debug|Any CPU.ActiveCfg = Debug|Any CPU
		{12D9A712-D118-421A-B889-B421F9B93B6E}.Debug|Any CPU.Build.0 = Debug|Any CPU
		{12D9A712-D118-421A-B889-B421F9B93B6E}.Release|Any CPU.ActiveCfg = Release|Any CPU
		{12D9A712-D118-421A-B889-B421F9B93B6E}.Release|Any CPU.Build.0 = Release|Any CPU
	EndGlobalSection
	GlobalSection(SolutionProperties) = preSolution
		HideSolutionNode = FALSE
	EndGlobalSection
	GlobalSection(ExtensibilityGlobals) = postSolution
		SolutionGuid = {5D650BCD-6028-4019-84F9-CCAA82567508}
	EndGlobalSection
EndGlobal
