
Microsoft Visual Studio Solution File, Format Version 12.00
# Visual Studio Version 17
VisualStudioVersion = 17.5.33414.496
MinimumVisualStudioVersion = 10.0.40219.1
Project("{FAE04EC0-301F-11D3-BF4B-00C04F79EFBC}") = "Ex07Pag27", "Ex07Pag27\Ex07Pag27.csproj", "{0923C359-0EE1-42B6-B46D-3994AF251EFC}"
EndProject
Global
	GlobalSection(SolutionConfigurationPlatforms) = preSolution
		Debug|Any CPU = Debug|Any CPU
		Release|Any CPU = Release|Any CPU
	EndGlobalSection
	GlobalSection(ProjectConfigurationPlatforms) = postSolution
		{0923C359-0EE1-42B6-B46D-3994AF251EFC}.Debug|Any CPU.ActiveCfg = Debug|Any CPU
		{0923C359-0EE1-42B6-B46D-3994AF251EFC}.Debug|Any CPU.Build.0 = Debug|Any CPU
		{0923C359-0EE1-42B6-B46D-3994AF251EFC}.Release|Any CPU.ActiveCfg = Release|Any CPU
		{0923C359-0EE1-42B6-B46D-3994AF251EFC}.Release|Any CPU.Build.0 = Release|Any CPU
	EndGlobalSection
	GlobalSection(SolutionProperties) = preSolution
		HideSolutionNode = FALSE
	EndGlobalSection
	GlobalSection(ExtensibilityGlobals) = postSolution
		SolutionGuid = {A87EFDFD-3332-405D-8F2B-2D9F082D459A}
	EndGlobalSection
EndGlobal
