
Microsoft Visual Studio Solution File, Format Version 12.00
# Visual Studio Version 17
VisualStudioVersion = 17.0.32014.148
MinimumVisualStudioVersion = 10.0.40219.1
Project("{FAE04EC0-301F-11D3-BF4B-00C04F79EFBC}") = "Ex11Pag62", "Ex11Pag62\Ex11Pag62.csproj", "{626BC918-872F-4491-863E-D961F122AEE9}"
EndProject
Global
	GlobalSection(SolutionConfigurationPlatforms) = preSolution
		Debug|Any CPU = Debug|Any CPU
		Release|Any CPU = Release|Any CPU
	EndGlobalSection
	GlobalSection(ProjectConfigurationPlatforms) = postSolution
		{626BC918-872F-4491-863E-D961F122AEE9}.Debug|Any CPU.ActiveCfg = Debug|Any CPU
		{626BC918-872F-4491-863E-D961F122AEE9}.Debug|Any CPU.Build.0 = Debug|Any CPU
		{626BC918-872F-4491-863E-D961F122AEE9}.Release|Any CPU.ActiveCfg = Release|Any CPU
		{626BC918-872F-4491-863E-D961F122AEE9}.Release|Any CPU.Build.0 = Release|Any CPU
	EndGlobalSection
	GlobalSection(SolutionProperties) = preSolution
		HideSolutionNode = FALSE
	EndGlobalSection
	GlobalSection(ExtensibilityGlobals) = postSolution
		SolutionGuid = {6C747797-CF1D-4867-B964-F03D8CFD8B94}
	EndGlobalSection
EndGlobal
