
Microsoft Visual Studio Solution File, Format Version 12.00
# Visual Studio Version 17
VisualStudioVersion = 17.0.32014.148
MinimumVisualStudioVersion = 10.0.40219.1
Project("{FAE04EC0-301F-11D3-BF4B-00C04F79EFBC}") = "Ex01pag08", "Ex01pag08\Ex01pag08.csproj", "{1D6BE124-499E-4218-9CD8-AE3435787FE9}"
EndProject
Global
	GlobalSection(SolutionConfigurationPlatforms) = preSolution
		Debug|Any CPU = Debug|Any CPU
		Release|Any CPU = Release|Any CPU
	EndGlobalSection
	GlobalSection(ProjectConfigurationPlatforms) = postSolution
		{1D6BE124-499E-4218-9CD8-AE3435787FE9}.Debug|Any CPU.ActiveCfg = Debug|Any CPU
		{1D6BE124-499E-4218-9CD8-AE3435787FE9}.Debug|Any CPU.Build.0 = Debug|Any CPU
		{1D6BE124-499E-4218-9CD8-AE3435787FE9}.Release|Any CPU.ActiveCfg = Release|Any CPU
		{1D6BE124-499E-4218-9CD8-AE3435787FE9}.Release|Any CPU.Build.0 = Release|Any CPU
	EndGlobalSection
	GlobalSection(SolutionProperties) = preSolution
		HideSolutionNode = FALSE
	EndGlobalSection
	GlobalSection(ExtensibilityGlobals) = postSolution
		SolutionGuid = {0D65B5B2-D2B1-4F2C-ACD7-CBC22617DBBA}
	EndGlobalSection
EndGlobal
