
Microsoft Visual Studio Solution File, Format Version 12.00
# Visual Studio Version 17
VisualStudioVersion = 17.0.32014.148
MinimumVisualStudioVersion = 10.0.40219.1
Project("{FAE04EC0-301F-11D3-BF4B-00C04F79EFBC}") = "Ex01Pag57", "Ex01Pag57\Ex01Pag57.csproj", "{9406FC87-AFE2-417D-A43A-3BA9A181DFA4}"
EndProject
Global
	GlobalSection(SolutionConfigurationPlatforms) = preSolution
		Debug|Any CPU = Debug|Any CPU
		Release|Any CPU = Release|Any CPU
	EndGlobalSection
	GlobalSection(ProjectConfigurationPlatforms) = postSolution
		{9406FC87-AFE2-417D-A43A-3BA9A181DFA4}.Debug|Any CPU.ActiveCfg = Debug|Any CPU
		{9406FC87-AFE2-417D-A43A-3BA9A181DFA4}.Debug|Any CPU.Build.0 = Debug|Any CPU
		{9406FC87-AFE2-417D-A43A-3BA9A181DFA4}.Release|Any CPU.ActiveCfg = Release|Any CPU
		{9406FC87-AFE2-417D-A43A-3BA9A181DFA4}.Release|Any CPU.Build.0 = Release|Any CPU
	EndGlobalSection
	GlobalSection(SolutionProperties) = preSolution
		HideSolutionNode = FALSE
	EndGlobalSection
	GlobalSection(ExtensibilityGlobals) = postSolution
		SolutionGuid = {AE48E52D-DA0D-4F84-9E29-948553669171}
	EndGlobalSection
EndGlobal
