
Microsoft Visual Studio Solution File, Format Version 12.00
# Visual Studio Version 17
VisualStudioVersion = 17.5.33414.496
MinimumVisualStudioVersion = 10.0.40219.1
Project("{FAE04EC0-301F-11D3-BF4B-00C04F79EFBC}") = "Ex03Pag20", "Ex03Pag20\Ex03Pag20.csproj", "{013DA024-CEA5-451C-A6A3-149237411C55}"
EndProject
Global
	GlobalSection(SolutionConfigurationPlatforms) = preSolution
		Debug|Any CPU = Debug|Any CPU
		Release|Any CPU = Release|Any CPU
	EndGlobalSection
	GlobalSection(ProjectConfigurationPlatforms) = postSolution
		{013DA024-CEA5-451C-A6A3-149237411C55}.Debug|Any CPU.ActiveCfg = Debug|Any CPU
		{013DA024-CEA5-451C-A6A3-149237411C55}.Debug|Any CPU.Build.0 = Debug|Any CPU
		{013DA024-CEA5-451C-A6A3-149237411C55}.Release|Any CPU.ActiveCfg = Release|Any CPU
		{013DA024-CEA5-451C-A6A3-149237411C55}.Release|Any CPU.Build.0 = Release|Any CPU
	EndGlobalSection
	GlobalSection(SolutionProperties) = preSolution
		HideSolutionNode = FALSE
	EndGlobalSection
	GlobalSection(ExtensibilityGlobals) = postSolution
		SolutionGuid = {DF4F4AA3-81FA-49BB-93DD-D72B3214D94F}
	EndGlobalSection
EndGlobal
