
Microsoft Visual Studio Solution File, Format Version 12.00
# Visual Studio Version 17
VisualStudioVersion = 17.0.32014.148
MinimumVisualStudioVersion = 10.0.40219.1
Project("{FAE04EC0-301F-11D3-BF4B-00C04F79EFBC}") = "Ex08Pag58", "Ex08Pag58\Ex08Pag58.csproj", "{5681A91D-CC22-44A9-8005-392A05BE9C84}"
EndProject
Global
	GlobalSection(SolutionConfigurationPlatforms) = preSolution
		Debug|Any CPU = Debug|Any CPU
		Release|Any CPU = Release|Any CPU
	EndGlobalSection
	GlobalSection(ProjectConfigurationPlatforms) = postSolution
		{5681A91D-CC22-44A9-8005-392A05BE9C84}.Debug|Any CPU.ActiveCfg = Debug|Any CPU
		{5681A91D-CC22-44A9-8005-392A05BE9C84}.Debug|Any CPU.Build.0 = Debug|Any CPU
		{5681A91D-CC22-44A9-8005-392A05BE9C84}.Release|Any CPU.ActiveCfg = Release|Any CPU
		{5681A91D-CC22-44A9-8005-392A05BE9C84}.Release|Any CPU.Build.0 = Release|Any CPU
	EndGlobalSection
	GlobalSection(SolutionProperties) = preSolution
		HideSolutionNode = FALSE
	EndGlobalSection
	GlobalSection(ExtensibilityGlobals) = postSolution
		SolutionGuid = {03A85E33-EB6B-4DF1-A836-EBF9E29BDC0E}
	EndGlobalSection
EndGlobal
