
Microsoft Visual Studio Solution File, Format Version 12.00
# Visual Studio Version 17
VisualStudioVersion = 17.0.32014.148
MinimumVisualStudioVersion = 10.0.40219.1
Project("{FAE04EC0-301F-11D3-BF4B-00C04F79EFBC}") = "Ex01_47", "Ex01_47\Ex01_47.csproj", "{9C87BB9D-177E-4E45-A901-3A0FA38C2CEE}"
EndProject
Global
	GlobalSection(SolutionConfigurationPlatforms) = preSolution
		Debug|Any CPU = Debug|Any CPU
		Release|Any CPU = Release|Any CPU
	EndGlobalSection
	GlobalSection(ProjectConfigurationPlatforms) = postSolution
		{9C87BB9D-177E-4E45-A901-3A0FA38C2CEE}.Debug|Any CPU.ActiveCfg = Debug|Any CPU
		{9C87BB9D-177E-4E45-A901-3A0FA38C2CEE}.Debug|Any CPU.Build.0 = Debug|Any CPU
		{9C87BB9D-177E-4E45-A901-3A0FA38C2CEE}.Release|Any CPU.ActiveCfg = Release|Any CPU
		{9C87BB9D-177E-4E45-A901-3A0FA38C2CEE}.Release|Any CPU.Build.0 = Release|Any CPU
	EndGlobalSection
	GlobalSection(SolutionProperties) = preSolution
		HideSolutionNode = FALSE
	EndGlobalSection
	GlobalSection(ExtensibilityGlobals) = postSolution
		SolutionGuid = {DDAAA2B4-75C3-4841-B494-BDF279B9B48F}
	EndGlobalSection
EndGlobal
